
Microsoft Visual Studio Solution File, Format Version 12.00
# Visual Studio Version 17
VisualStudioVersion = 17.0.32112.339
MinimumVisualStudioVersion = 10.0.40219.1
Project("{9A19103F-16F7-4668-BE54-9A1E7A4F7556}") = "CardStorageService", "CardStorageService\CardStorageService.csproj", "{CD0FF927-54AF-499C-BF87-0B84B481B84D}"
	ProjectSection(ProjectDependencies) = postProject
		{20150E64-150D-47E1-B340-E9AC8334ADC1} = {20150E64-150D-47E1-B340-E9AC8334ADC1}
	EndProjectSection
EndProject
Project("{9A19103F-16F7-4668-BE54-9A1E7A4F7556}") = "CardStorageService.DataBase", "CardStorageService.DataBase\CardStorageService.DataBase.csproj", "{20150E64-150D-47E1-B340-E9AC8334ADC1}"
EndProject
Project("{9A19103F-16F7-4668-BE54-9A1E7A4F7556}") = "CardStorageService.Core", "CardStorageService.Core\CardStorageService.Core.csproj", "{108AE741-F516-40CE-8707-355A0C8722D6}"
EndProject
Project("{9A19103F-16F7-4668-BE54-9A1E7A4F7556}") = "CardStorageService.Console", "CardStorageService.Console\CardStorageService.Console.csproj", "{D46FDC4D-088C-45F7-8896-EE80070B1FFF}"
EndProject
Project("{FAE04EC0-301F-11D3-BF4B-00C04F79EFBC}") = "CardStorageService.gRPC.ConsoleClient", "CardStorageService.gRPC.ConsoleClient\CardStorageService.gRPC.ConsoleClient.csproj", "{35941B8F-7625-414A-867C-BEA46C0BA247}"
EndProject
Global
	GlobalSection(SolutionConfigurationPlatforms) = preSolution
		Debug|Any CPU = Debug|Any CPU
		Release|Any CPU = Release|Any CPU
	EndGlobalSection
	GlobalSection(ProjectConfigurationPlatforms) = postSolution
		{CD0FF927-54AF-499C-BF87-0B84B481B84D}.Debug|Any CPU.ActiveCfg = Debug|Any CPU
		{CD0FF927-54AF-499C-BF87-0B84B481B84D}.Debug|Any CPU.Build.0 = Debug|Any CPU
		{CD0FF927-54AF-499C-BF87-0B84B481B84D}.Release|Any CPU.ActiveCfg = Release|Any CPU
		{CD0FF927-54AF-499C-BF87-0B84B481B84D}.Release|Any CPU.Build.0 = Release|Any CPU
		{20150E64-150D-47E1-B340-E9AC8334ADC1}.Debug|Any CPU.ActiveCfg = Debug|Any CPU
		{20150E64-150D-47E1-B340-E9AC8334ADC1}.Debug|Any CPU.Build.0 = Debug|Any CPU
		{20150E64-150D-47E1-B340-E9AC8334ADC1}.Release|Any CPU.ActiveCfg = Release|Any CPU
		{20150E64-150D-47E1-B340-E9AC8334ADC1}.Release|Any CPU.Build.0 = Release|Any CPU
		{108AE741-F516-40CE-8707-355A0C8722D6}.Debug|Any CPU.ActiveCfg = Debug|Any CPU
		{108AE741-F516-40CE-8707-355A0C8722D6}.Debug|Any CPU.Build.0 = Debug|Any CPU
		{108AE741-F516-40CE-8707-355A0C8722D6}.Release|Any CPU.ActiveCfg = Release|Any CPU
		{108AE741-F516-40CE-8707-355A0C8722D6}.Release|Any CPU.Build.0 = Release|Any CPU
		{D46FDC4D-088C-45F7-8896-EE80070B1FFF}.Debug|Any CPU.ActiveCfg = Debug|Any CPU
		{D46FDC4D-088C-45F7-8896-EE80070B1FFF}.Debug|Any CPU.Build.0 = Debug|Any CPU
		{D46FDC4D-088C-45F7-8896-EE80070B1FFF}.Release|Any CPU.ActiveCfg = Release|Any CPU
		{D46FDC4D-088C-45F7-8896-EE80070B1FFF}.Release|Any CPU.Build.0 = Release|Any CPU
		{35941B8F-7625-414A-867C-BEA46C0BA247}.Debug|Any CPU.ActiveCfg = Debug|Any CPU
		{35941B8F-7625-414A-867C-BEA46C0BA247}.Debug|Any CPU.Build.0 = Debug|Any CPU
		{35941B8F-7625-414A-867C-BEA46C0BA247}.Release|Any CPU.ActiveCfg = Release|Any CPU
		{35941B8F-7625-414A-867C-BEA46C0BA247}.Release|Any CPU.Build.0 = Release|Any CPU
	EndGlobalSection
	GlobalSection(SolutionProperties) = preSolution
		HideSolutionNode = FALSE
	EndGlobalSection
	GlobalSection(ExtensibilityGlobals) = postSolution
		SolutionGuid = {D6775BAC-43EB-4E64-802A-7BD7D00DFD7E}
	EndGlobalSection
EndGlobal
